
Microsoft Visual Studio Solution File, Format Version 12.00
# Visual Studio 2013
VisualStudioVersion = 12.0.30723.0
MinimumVisualStudioVersion = 10.0.40219.1
Project("{2150E333-8FDC-42A3-9474-1A3956D46DE8}") = "DistributingCPPNuGet", "DistributingCPPNuGet", "{2C50D960-6CF8-42A9-BABD-0A06AEB48B5F}"
EndProject
Project("{8BC9CEB8-8B4A-11D0-8D11-00A0C91BC942}") = "CPPBaseLibrary", "CPPBaseLibrary\CPPBaseLibrary.vcxproj", "{33BF77AE-076D-4A2E-A997-66DC76EF0673}"
EndProject
Project("{8BC9CEB8-8B4A-11D0-8D11-00A0C91BC942}") = "CPPBaseLibraryWrapper", "CPPBaseLibraryWrapper\CPPBaseLibraryWrapper.vcxproj", "{58B16A9B-A037-4749-A6B9-8659755A381C}"
EndProject
Project("{FAE04EC0-301F-11D3-BF4B-00C04F79EFBC}") = "CPPBaseLibraryConsumer", "CPPBaseLibraryConsumer\CPPBaseLibraryConsumer.csproj", "{030BC950-0666-454B-B29C-556B0E9D382C}"
EndProject
Global
	GlobalSection(SolutionConfigurationPlatforms) = preSolution
		Debug|Any CPU = Debug|Any CPU
		Debug|Mixed Platforms = Debug|Mixed Platforms
		Debug|Win32 = Debug|Win32
		Debug|x86 = Debug|x86
		Release|Any CPU = Release|Any CPU
		Release|Mixed Platforms = Release|Mixed Platforms
		Release|Win32 = Release|Win32
		Release|x86 = Release|x86
	EndGlobalSection
	GlobalSection(ProjectConfigurationPlatforms) = postSolution
		{33BF77AE-076D-4A2E-A997-66DC76EF0673}.Debug|Any CPU.ActiveCfg = Debug|Win32
		{33BF77AE-076D-4A2E-A997-66DC76EF0673}.Debug|Mixed Platforms.ActiveCfg = Debug|Win32
		{33BF77AE-076D-4A2E-A997-66DC76EF0673}.Debug|Mixed Platforms.Build.0 = Debug|Win32
		{33BF77AE-076D-4A2E-A997-66DC76EF0673}.Debug|Win32.ActiveCfg = Debug|Win32
		{33BF77AE-076D-4A2E-A997-66DC76EF0673}.Debug|Win32.Build.0 = Debug|Win32
		{33BF77AE-076D-4A2E-A997-66DC76EF0673}.Debug|x86.ActiveCfg = Debug|Win32
		{33BF77AE-076D-4A2E-A997-66DC76EF0673}.Debug|x86.Build.0 = Debug|Win32
		{33BF77AE-076D-4A2E-A997-66DC76EF0673}.Release|Any CPU.ActiveCfg = Release|Win32
		{33BF77AE-076D-4A2E-A997-66DC76EF0673}.Release|Mixed Platforms.ActiveCfg = Release|Win32
		{33BF77AE-076D-4A2E-A997-66DC76EF0673}.Release|Mixed Platforms.Build.0 = Release|Win32
		{33BF77AE-076D-4A2E-A997-66DC76EF0673}.Release|Win32.ActiveCfg = Release|Win32
		{33BF77AE-076D-4A2E-A997-66DC76EF0673}.Release|Win32.Build.0 = Release|Win32
		{33BF77AE-076D-4A2E-A997-66DC76EF0673}.Release|x86.ActiveCfg = Release|Win32
		{33BF77AE-076D-4A2E-A997-66DC76EF0673}.Release|x86.Build.0 = Release|Win32
		{58B16A9B-A037-4749-A6B9-8659755A381C}.Debug|Any CPU.ActiveCfg = Debug|Win32
		{58B16A9B-A037-4749-A6B9-8659755A381C}.Debug|Mixed Platforms.ActiveCfg = Debug|Win32
		{58B16A9B-A037-4749-A6B9-8659755A381C}.Debug|Mixed Platforms.Build.0 = Debug|Win32
		{58B16A9B-A037-4749-A6B9-8659755A381C}.Debug|Win32.ActiveCfg = Debug|Win32
		{58B16A9B-A037-4749-A6B9-8659755A381C}.Debug|Win32.Build.0 = Debug|Win32
		{58B16A9B-A037-4749-A6B9-8659755A381C}.Debug|x86.ActiveCfg = Debug|Win32
		{58B16A9B-A037-4749-A6B9-8659755A381C}.Debug|x86.Build.0 = Debug|Win32
		{58B16A9B-A037-4749-A6B9-8659755A381C}.Release|Any CPU.ActiveCfg = Release|Win32
		{58B16A9B-A037-4749-A6B9-8659755A381C}.Release|Mixed Platforms.ActiveCfg = Release|Win32
		{58B16A9B-A037-4749-A6B9-8659755A381C}.Release|Mixed Platforms.Build.0 = Release|Win32
		{58B16A9B-A037-4749-A6B9-8659755A381C}.Release|Win32.ActiveCfg = Release|Win32
		{58B16A9B-A037-4749-A6B9-8659755A381C}.Release|Win32.Build.0 = Release|Win32
		{58B16A9B-A037-4749-A6B9-8659755A381C}.Release|x86.ActiveCfg = Release|Win32
		{58B16A9B-A037-4749-A6B9-8659755A381C}.Release|x86.Build.0 = Release|Win32
		{030BC950-0666-454B-B29C-556B0E9D382C}.Debug|Any CPU.ActiveCfg = Debug|Any CPU
		{030BC950-0666-454B-B29C-556B0E9D382C}.Debug|Any CPU.Build.0 = Debug|Any CPU
		{030BC950-0666-454B-B29C-556B0E9D382C}.Debug|Mixed Platforms.ActiveCfg = Debug|Any CPU
		{030BC950-0666-454B-B29C-556B0E9D382C}.Debug|Mixed Platforms.Build.0 = Debug|Any CPU
		{030BC950-0666-454B-B29C-556B0E9D382C}.Debug|Win32.ActiveCfg = Debug|Any CPU
		{030BC950-0666-454B-B29C-556B0E9D382C}.Debug|x86.ActiveCfg = Debug|x86
		{030BC950-0666-454B-B29C-556B0E9D382C}.Debug|x86.Build.0 = Debug|x86
		{030BC950-0666-454B-B29C-556B0E9D382C}.Release|Any CPU.ActiveCfg = Release|Any CPU
		{030BC950-0666-454B-B29C-556B0E9D382C}.Release|Any CPU.Build.0 = Release|Any CPU
		{030BC950-0666-454B-B29C-556B0E9D382C}.Release|Mixed Platforms.ActiveCfg = Release|Any CPU
		{030BC950-0666-454B-B29C-556B0E9D382C}.Release|Mixed Platforms.Build.0 = Release|Any CPU
		{030BC950-0666-454B-B29C-556B0E9D382C}.Release|Win32.ActiveCfg = Release|Any CPU
		{030BC950-0666-454B-B29C-556B0E9D382C}.Release|x86.ActiveCfg = Release|x86
		{030BC950-0666-454B-B29C-556B0E9D382C}.Release|x86.Build.0 = Release|x86
	EndGlobalSection
	GlobalSection(SolutionProperties) = preSolution
		HideSolutionNode = FALSE
	EndGlobalSection
	GlobalSection(NestedProjects) = preSolution
		{33BF77AE-076D-4A2E-A997-66DC76EF0673} = {2C50D960-6CF8-42A9-BABD-0A06AEB48B5F}
		{58B16A9B-A037-4749-A6B9-8659755A381C} = {2C50D960-6CF8-42A9-BABD-0A06AEB48B5F}
		{030BC950-0666-454B-B29C-556B0E9D382C} = {2C50D960-6CF8-42A9-BABD-0A06AEB48B5F}
	EndGlobalSection
EndGlobal
